
Microsoft Visual Studio Solution File, Format Version 11.00
# Visual Studio 2010
Project("{FAE04EC0-301F-11D3-BF4B-00C04F79EFBC}") = "AssetViewer", "AssetViewer\AssetViewer.csproj", "{F06318D2-2976-4D7B-AB48-E1831FDE144C}"
EndProject
Project("{FAE04EC0-301F-11D3-BF4B-00C04F79EFBC}") = "CSVFiles", "..\CSVFiles\CSVFiles\CSVFiles.csproj", "{6E4167A6-688A-47E6-AB0E-22113C3B701B}"
EndProject
Global
	GlobalSection(SolutionConfigurationPlatforms) = preSolution
		Debug|Any CPU = Debug|Any CPU
		Debug|Mixed Platforms = Debug|Mixed Platforms
		Debug|x86 = Debug|x86
		Release|Any CPU = Release|Any CPU
		Release|Mixed Platforms = Release|Mixed Platforms
		Release|x86 = Release|x86
	EndGlobalSection
	GlobalSection(ProjectConfigurationPlatforms) = postSolution
		{F06318D2-2976-4D7B-AB48-E1831FDE144C}.Debug|Any CPU.ActiveCfg = Debug|x86
		{F06318D2-2976-4D7B-AB48-E1831FDE144C}.Debug|Mixed Platforms.ActiveCfg = Debug|x86
		{F06318D2-2976-4D7B-AB48-E1831FDE144C}.Debug|Mixed Platforms.Build.0 = Debug|x86
		{F06318D2-2976-4D7B-AB48-E1831FDE144C}.Debug|x86.ActiveCfg = Debug|x86
		{F06318D2-2976-4D7B-AB48-E1831FDE144C}.Debug|x86.Build.0 = Debug|x86
		{F06318D2-2976-4D7B-AB48-E1831FDE144C}.Release|Any CPU.ActiveCfg = Release|x86
		{F06318D2-2976-4D7B-AB48-E1831FDE144C}.Release|Mixed Platforms.ActiveCfg = Release|x86
		{F06318D2-2976-4D7B-AB48-E1831FDE144C}.Release|Mixed Platforms.Build.0 = Release|x86
		{F06318D2-2976-4D7B-AB48-E1831FDE144C}.Release|x86.ActiveCfg = Release|x86
		{F06318D2-2976-4D7B-AB48-E1831FDE144C}.Release|x86.Build.0 = Release|x86
		{6E4167A6-688A-47E6-AB0E-22113C3B701B}.Debug|Any CPU.ActiveCfg = Debug|Any CPU
		{6E4167A6-688A-47E6-AB0E-22113C3B701B}.Debug|Any CPU.Build.0 = Debug|Any CPU
		{6E4167A6-688A-47E6-AB0E-22113C3B701B}.Debug|Mixed Platforms.ActiveCfg = Debug|Any CPU
		{6E4167A6-688A-47E6-AB0E-22113C3B701B}.Debug|Mixed Platforms.Build.0 = Debug|Any CPU
		{6E4167A6-688A-47E6-AB0E-22113C3B701B}.Debug|x86.ActiveCfg = Debug|Any CPU
		{6E4167A6-688A-47E6-AB0E-22113C3B701B}.Release|Any CPU.ActiveCfg = Release|Any CPU
		{6E4167A6-688A-47E6-AB0E-22113C3B701B}.Release|Any CPU.Build.0 = Release|Any CPU
		{6E4167A6-688A-47E6-AB0E-22113C3B701B}.Release|Mixed Platforms.ActiveCfg = Release|Any CPU
		{6E4167A6-688A-47E6-AB0E-22113C3B701B}.Release|Mixed Platforms.Build.0 = Release|Any CPU
		{6E4167A6-688A-47E6-AB0E-22113C3B701B}.Release|x86.ActiveCfg = Release|Any CPU
	EndGlobalSection
	GlobalSection(SolutionProperties) = preSolution
		HideSolutionNode = FALSE
	EndGlobalSection
EndGlobal
